
Microsoft Visual Studio Solution File, Format Version 12.00
Project("{2150E333-8FDC-42A3-9474-1A3956D46DE8}") = "src", "src", "{256F3F58-378F-491B-BB00-D81DA245A8B3}"
EndProject
Project("{2150E333-8FDC-42A3-9474-1A3956D46DE8}") = "Core", "Core", "{AD613FAF-AFA8-45F4-B732-4CEEA8938724}"
EndProject
Project("{FAE04EC0-301F-11D3-BF4B-00C04F79EFBC}") = "DeliveryAPi.Domain", "DeliveryAPi.Domain\DeliveryAPi.Domain.csproj", "{8B408CDC-6D94-4DAE-A0A5-810FBC54E519}"
EndProject
Project("{FAE04EC0-301F-11D3-BF4B-00C04F79EFBC}") = "DeliveryAPI.Application", "DeliveryAPI.Application\DeliveryAPI.Application.csproj", "{755BF128-4091-4686-A3FE-1628D42E22C8}"
EndProject
Project("{2150E333-8FDC-42A3-9474-1A3956D46DE8}") = "Infrastructure", "Infrastructure", "{FC4E8D6C-3B65-46B8-AABF-1BD67BFFB702}"
EndProject
Project("{FAE04EC0-301F-11D3-BF4B-00C04F79EFBC}") = "DeliveryAPI.Infrastructure", "DeliveryAPI.Infrastructure\DeliveryAPI.Infrastructure.csproj", "{65A45108-B6DB-48DD-AD2C-CF27B895A092}"
EndProject
Project("{FAE04EC0-301F-11D3-BF4B-00C04F79EFBC}") = "DeliveryAPI.Persistence", "DeliveryAPI.Persistence\DeliveryAPI.Persistence.csproj", "{66DA775E-58A1-4DB9-A7D9-32AF5FAA6F4F}"
EndProject
Project("{2150E333-8FDC-42A3-9474-1A3956D46DE8}") = "Presentation", "Presentation", "{B000ACEA-51D3-4E8B-A595-3628283D8C31}"
EndProject
Project("{FAE04EC0-301F-11D3-BF4B-00C04F79EFBC}") = "DeliveryAPi.Api", "DeliveryAPi.Api\DeliveryAPi.Api.csproj", "{46506048-7458-40B1-BD2B-580299EB516F}"
EndProject
Global
	GlobalSection(SolutionConfigurationPlatforms) = preSolution
		Debug|Any CPU = Debug|Any CPU
		Release|Any CPU = Release|Any CPU
	EndGlobalSection
	GlobalSection(NestedProjects) = preSolution
		{AD613FAF-AFA8-45F4-B732-4CEEA8938724} = {256F3F58-378F-491B-BB00-D81DA245A8B3}
		{8B408CDC-6D94-4DAE-A0A5-810FBC54E519} = {AD613FAF-AFA8-45F4-B732-4CEEA8938724}
		{755BF128-4091-4686-A3FE-1628D42E22C8} = {AD613FAF-AFA8-45F4-B732-4CEEA8938724}
		{FC4E8D6C-3B65-46B8-AABF-1BD67BFFB702} = {256F3F58-378F-491B-BB00-D81DA245A8B3}
		{65A45108-B6DB-48DD-AD2C-CF27B895A092} = {FC4E8D6C-3B65-46B8-AABF-1BD67BFFB702}
		{66DA775E-58A1-4DB9-A7D9-32AF5FAA6F4F} = {FC4E8D6C-3B65-46B8-AABF-1BD67BFFB702}
		{B000ACEA-51D3-4E8B-A595-3628283D8C31} = {256F3F58-378F-491B-BB00-D81DA245A8B3}
		{46506048-7458-40B1-BD2B-580299EB516F} = {B000ACEA-51D3-4E8B-A595-3628283D8C31}
	EndGlobalSection
	GlobalSection(ProjectConfigurationPlatforms) = postSolution
		{8B408CDC-6D94-4DAE-A0A5-810FBC54E519}.Debug|Any CPU.ActiveCfg = Debug|Any CPU
		{8B408CDC-6D94-4DAE-A0A5-810FBC54E519}.Debug|Any CPU.Build.0 = Debug|Any CPU
		{8B408CDC-6D94-4DAE-A0A5-810FBC54E519}.Release|Any CPU.ActiveCfg = Release|Any CPU
		{8B408CDC-6D94-4DAE-A0A5-810FBC54E519}.Release|Any CPU.Build.0 = Release|Any CPU
		{755BF128-4091-4686-A3FE-1628D42E22C8}.Debug|Any CPU.ActiveCfg = Debug|Any CPU
		{755BF128-4091-4686-A3FE-1628D42E22C8}.Debug|Any CPU.Build.0 = Debug|Any CPU
		{755BF128-4091-4686-A3FE-1628D42E22C8}.Release|Any CPU.ActiveCfg = Release|Any CPU
		{755BF128-4091-4686-A3FE-1628D42E22C8}.Release|Any CPU.Build.0 = Release|Any CPU
		{65A45108-B6DB-48DD-AD2C-CF27B895A092}.Debug|Any CPU.ActiveCfg = Debug|Any CPU
		{65A45108-B6DB-48DD-AD2C-CF27B895A092}.Debug|Any CPU.Build.0 = Debug|Any CPU
		{65A45108-B6DB-48DD-AD2C-CF27B895A092}.Release|Any CPU.ActiveCfg = Release|Any CPU
		{65A45108-B6DB-48DD-AD2C-CF27B895A092}.Release|Any CPU.Build.0 = Release|Any CPU
		{66DA775E-58A1-4DB9-A7D9-32AF5FAA6F4F}.Debug|Any CPU.ActiveCfg = Debug|Any CPU
		{66DA775E-58A1-4DB9-A7D9-32AF5FAA6F4F}.Debug|Any CPU.Build.0 = Debug|Any CPU
		{66DA775E-58A1-4DB9-A7D9-32AF5FAA6F4F}.Release|Any CPU.ActiveCfg = Release|Any CPU
		{66DA775E-58A1-4DB9-A7D9-32AF5FAA6F4F}.Release|Any CPU.Build.0 = Release|Any CPU
		{46506048-7458-40B1-BD2B-580299EB516F}.Debug|Any CPU.ActiveCfg = Debug|Any CPU
		{46506048-7458-40B1-BD2B-580299EB516F}.Debug|Any CPU.Build.0 = Debug|Any CPU
		{46506048-7458-40B1-BD2B-580299EB516F}.Release|Any CPU.ActiveCfg = Release|Any CPU
		{46506048-7458-40B1-BD2B-580299EB516F}.Release|Any CPU.Build.0 = Release|Any CPU
	EndGlobalSection
EndGlobal
